
Microsoft Visual Studio Solution File, Format Version 12.00
# Visual Studio Version 17
VisualStudioVersion = 17.14.36221.1 d17.14
MinimumVisualStudioVersion = 10.0.40219.1
Project("{FAE04EC0-301F-11D3-BF4B-00C04F79EFBC}") = "HelloWorld_tema1", "HelloWorld_tema1\HelloWorld_tema1.csproj", "{B42A0AEA-BBF2-46B6-80E2-912B07EFAEB9}"
EndProject
Project("{FAE04EC0-301F-11D3-BF4B-00C04F79EFBC}") = "HelloWorld_tema2", "HelloWorld_tema2\HelloWorld_tema2.csproj", "{BFEF195C-3508-46D1-8194-4027819D32A0}"
EndProject
Global
	GlobalSection(SolutionConfigurationPlatforms) = preSolution
		Debug|Any CPU = Debug|Any CPU
		Release|Any CPU = Release|Any CPU
	EndGlobalSection
	GlobalSection(ProjectConfigurationPlatforms) = postSolution
		{B42A0AEA-BBF2-46B6-80E2-912B07EFAEB9}.Debug|Any CPU.ActiveCfg = Debug|Any CPU
		{B42A0AEA-BBF2-46B6-80E2-912B07EFAEB9}.Debug|Any CPU.Build.0 = Debug|Any CPU
		{B42A0AEA-BBF2-46B6-80E2-912B07EFAEB9}.Release|Any CPU.ActiveCfg = Release|Any CPU
		{B42A0AEA-BBF2-46B6-80E2-912B07EFAEB9}.Release|Any CPU.Build.0 = Release|Any CPU
		{BFEF195C-3508-46D1-8194-4027819D32A0}.Debug|Any CPU.ActiveCfg = Debug|Any CPU
		{BFEF195C-3508-46D1-8194-4027819D32A0}.Debug|Any CPU.Build.0 = Debug|Any CPU
		{BFEF195C-3508-46D1-8194-4027819D32A0}.Release|Any CPU.ActiveCfg = Release|Any CPU
		{BFEF195C-3508-46D1-8194-4027819D32A0}.Release|Any CPU.Build.0 = Release|Any CPU
	EndGlobalSection
	GlobalSection(SolutionProperties) = preSolution
		HideSolutionNode = FALSE
	EndGlobalSection
	GlobalSection(ExtensibilityGlobals) = postSolution
		SolutionGuid = {8B028B64-8D52-4397-9B38-799FCF4B2A6E}
	EndGlobalSection
EndGlobal
